
Microsoft Visual Studio Solution File, Format Version 12.00
# Visual Studio Version 16
VisualStudioVersion = 25.0.1706.7
MinimumVisualStudioVersion = 10.0.40219.1
Project("{FAE04EC0-301F-11D3-BF4B-00C04F79EFBC}") = "IRMMAUI", "IRMMAUI.csproj", "{D80C9FCB-D2C1-4EC3-89F9-04C2B9CE1F4D}"
EndProject
Global
	GlobalSection(SolutionConfigurationPlatforms) = preSolution
		Debug|Any CPU = Debug|Any CPU
		Release|Any CPU = Release|Any CPU
	EndGlobalSection
	GlobalSection(ProjectConfigurationPlatforms) = postSolution
		{D80C9FCB-D2C1-4EC3-89F9-04C2B9CE1F4D}.Debug|Any CPU.ActiveCfg = Debug|Any CPU
		{D80C9FCB-D2C1-4EC3-89F9-04C2B9CE1F4D}.Debug|Any CPU.Build.0 = Debug|Any CPU
		{D80C9FCB-D2C1-4EC3-89F9-04C2B9CE1F4D}.Release|Any CPU.ActiveCfg = Release|Any CPU
		{D80C9FCB-D2C1-4EC3-89F9-04C2B9CE1F4D}.Release|Any CPU.Build.0 = Release|Any CPU
	EndGlobalSection
	GlobalSection(SolutionProperties) = preSolution
		HideSolutionNode = FALSE
	EndGlobalSection
	GlobalSection(ExtensibilityGlobals) = postSolution
		SolutionGuid = {D03721A7-650A-4F68-98FA-49BD791412C9}
	EndGlobalSection
	GlobalSection(MonoDevelopProperties) = preSolution
		Policies = $0
		$0.DotNetNamingPolicy = $1
		$1.DirectoryNamespaceAssociation = PrefixedHierarchical
	EndGlobalSection
EndGlobal
